<?xml version="1.0" encoding="UTF-8"?>
<!DOCTYPE plist PUBLIC "-//Apple//DTD PLIST 1.0//EN" "http://www.apple.com/DTDs/PropertyList-1.0.dtd">
<plist version="1.0">
<dict>
	<key>archiveVersion</key>
	<string>1</string>
	<key>classes</key>
	<dict/>
	<key>objectVersion</key>
	<string>56</string>
	<key>objects</key>
	<dict>
		<key>000000000000000000000001</key>
		<dict>
			<key>isa</key>
			<string>PBXFileReference</string>
			<key>lastKnownFileType</key>
			<string>sourcecode.swift</string>
			<key>path</key>
			<string>Source/Shared.swift</string>
			<key>sourceTree</key>
			<string>&lt;group&gt;</string>
		</dict>
		<key>000000000000000000000002</key>
		<dict>
			<key>isa</key>
			<string>PBXFileReference</string>
			<key>lastKnownFileType</key>
			<string>sourcecode.swift</string>
			<key>path</key>
			<string>Source/Host.swift</string>
			<key>sourceTree</key>
			<string>&lt;group&gt;</string>
		</dict>
		<key>000000000000000000000003</key>
		<dict>
			<key>isa</key>
			<string>PBXFileReference</string>
			<key>lastKnownFileType</key>
			<string>sourcecode.swift</string>
			<key>path</key>
			<string>Source/Widget.swift</string>
			<key>sourceTree</key>
			<string>&lt;group&gt;</string>
		</dict>
		<key>000000000000000000000004</key>
		<dict>
			<key>explicitFileType</key>
			<string>wrapper.application</string>
			<key>isa</key>
			<string>PBXFileReference</string>
			<key>path</key>
			<string>Codex T3.app</string>
			<key>sourceTree</key>
			<string>BUILT_PRODUCTS_DIR</string>
		</dict>
		<key>000000000000000000000005</key>
		<dict>
			<key>explicitFileType</key>
			<string>wrapper.app-extension</string>
			<key>isa</key>
			<string>PBXFileReference</string>
			<key>path</key>
			<string>CodexT3Widget.appex</string>
			<key>sourceTree</key>
			<string>BUILT_PRODUCTS_DIR</string>
		</dict>
		<key>000000000000000000000006</key>
		<dict>
			<key>children</key>
			<array>
				<string>000000000000000000000004</string>
				<string>000000000000000000000005</string>
			</array>
			<key>isa</key>
			<string>PBXGroup</string>
			<key>name</key>
			<string>Products</string>
			<key>sourceTree</key>
			<string>&lt;group&gt;</string>
		</dict>
		<key>000000000000000000000007</key>
		<dict>
			<key>children</key>
			<array>
				<string>000000000000000000000001</string>
				<string>000000000000000000000002</string>
				<string>000000000000000000000003</string>
				<string>000000000000000000000006</string>
				<string>000000000000000000000032</string>
				<string>000000000000000000000030</string>
				<string>000000000000000000000040</string>
				<string>000000000000000000000043</string>
				<string>000000000000000000000046</string>
				<string>00000000000000000000004C</string>
				<string>00000000000000000000004E</string>
				<string>000000000000000000000050</string>
				<string>000000000000000000000054</string>
				<string>000000000000000000000059</string>
				<string>00000000000000000000005C</string>
			</array>
			<key>isa</key>
			<string>PBXGroup</string>
			<key>sourceTree</key>
			<string>&lt;group&gt;</string>
		</dict>
		<key>000000000000000000000008</key>
		<dict>
			<key>buildSettings</key>
			<dict>
				<key>APPLICATION_EXTENSION_API_ONLY</key>
				<string>YES</string>
				<key>CLANG_ENABLE_MODULES</key>
				<string>YES</string>
				<key>CODE_SIGN_ENTITLEMENTS</key>
				<string>Source/Widget.entitlements</string>
				<key>CODE_SIGN_IDENTITY</key>
				<string>-</string>
				<key>CODE_SIGN_STYLE</key>
				<string>Automatic</string>
				<key>CURRENT_PROJECT_VERSION</key>
				<string>52</string>
				<key>ENABLE_HARDENED_RUNTIME</key>
				<string>YES</string>
				<key>INFOPLIST_FILE</key>
				<string>Source/Widget-Info.plist</string>
				<key>LD_RUNPATH_SEARCH_PATHS</key>
				<string>$(inherited) @executable_path/../Frameworks @executable_path/../../../../Frameworks</string>
				<key>MACOSX_DEPLOYMENT_TARGET</key>
				<string>14.0</string>
				<key>MARKETING_VERSION</key>
				<string>1.1</string>
				<key>PRODUCT_BUNDLE_IDENTIFIER</key>
				<string>local.codext3.quota.widget</string>
				<key>PRODUCT_NAME</key>
				<string>CodexT3Widget</string>
				<key>SDKROOT</key>
				<string>macosx</string>
				<key>SKIP_INSTALL</key>
				<string>YES</string>
				<key>SWIFT_ACTIVE_COMPILATION_CONDITIONS</key>
				<string>$(inherited) WIDGET_EXTENSION</string>
				<key>SWIFT_OBJC_BRIDGING_HEADER</key>
				<string>Source/Interop.h</string>
				<key>SWIFT_OPTIMIZATION_LEVEL</key>
				<string>-Onone</string>
				<key>SWIFT_VERSION</key>
				<string>5.0</string>
				<key>CODEX_T3_REPOSITORY_URL</key>
				<string>https://github.com/youcaihua007/codex-t3</string>
				<key>OTHER_LDFLAGS</key>
				<string>$(inherited) -lz -lbsm</string>
				<key>ASSETCATALOG_COMPILER_APPICON_NAME</key>
				<string>AppIconT3</string>
			</dict>
			<key>isa</key>
			<string>XCBuildConfiguration</string>
			<key>name</key>
			<string>Debug</string>
		</dict>
		<key>000000000000000000000009</key>
		<dict>
			<key>buildSettings</key>
			<dict>
				<key>APPLICATION_EXTENSION_API_ONLY</key>
				<string>YES</string>
				<key>CLANG_ENABLE_MODULES</key>
				<string>YES</string>
				<key>CODE_SIGN_ENTITLEMENTS</key>
				<string>Source/Widget.entitlements</string>
				<key>CODE_SIGN_IDENTITY</key>
				<string>-</string>
				<key>CODE_SIGN_STYLE</key>
				<string>Automatic</string>
				<key>CURRENT_PROJECT_VERSION</key>
				<string>52</string>
				<key>ENABLE_HARDENED_RUNTIME</key>
				<string>YES</string>
				<key>INFOPLIST_FILE</key>
				<string>Source/Widget-Info.plist</string>
				<key>LD_RUNPATH_SEARCH_PATHS</key>
				<string>$(inherited) @executable_path/../Frameworks @executable_path/../../../../Frameworks</string>
				<key>MACOSX_DEPLOYMENT_TARGET</key>
				<string>14.0</string>
				<key>MARKETING_VERSION</key>
				<string>1.1</string>
				<key>PRODUCT_BUNDLE_IDENTIFIER</key>
				<string>local.codext3.quota.widget</string>
				<key>PRODUCT_NAME</key>
				<string>CodexT3Widget</string>
				<key>SDKROOT</key>
				<string>macosx</string>
				<key>SKIP_INSTALL</key>
				<string>YES</string>
				<key>SWIFT_ACTIVE_COMPILATION_CONDITIONS</key>
				<string>$(inherited) WIDGET_EXTENSION</string>
				<key>SWIFT_OBJC_BRIDGING_HEADER</key>
				<string>Source/Interop.h</string>
				<key>SWIFT_OPTIMIZATION_LEVEL</key>
				<string>-Osize</string>
				<key>SWIFT_VERSION</key>
				<string>5.0</string>
				<key>CODEX_T3_REPOSITORY_URL</key>
				<string>https://github.com/youcaihua007/codex-t3</string>
				<key>OTHER_LDFLAGS</key>
				<string>$(inherited) -lz -lbsm</string>
				<key>ASSETCATALOG_COMPILER_APPICON_NAME</key>
				<string>AppIconT3</string>
				<key>SWIFT_COMPILATION_MODE</key>
				<string>wholemodule</string>
				<key>DEAD_CODE_STRIPPING</key>
				<string>YES</string>
				<key>STRIP_INSTALLED_PRODUCT</key>
				<string>YES</string>
				<key>COPY_PHASE_STRIP</key>
				<string>YES</string>
				<key>STRIP_SWIFT_SYMBOLS</key>
				<string>YES</string>
				<key>CODE_SIGN_INJECT_BASE_ENTITLEMENTS</key>
				<string>NO</string>
			</dict>
			<key>isa</key>
			<string>XCBuildConfiguration</string>
			<key>name</key>
			<string>Release</string>
		</dict>
		<key>00000000000000000000000A</key>
		<dict>
			<key>buildConfigurations</key>
			<array>
				<string>000000000000000000000008</string>
				<string>000000000000000000000009</string>
			</array>
			<key>defaultConfigurationIsVisible</key>
			<integer>0</integer>
			<key>defaultConfigurationName</key>
			<string>Debug</string>
			<key>isa</key>
			<string>XCConfigurationList</string>
		</dict>
		<key>00000000000000000000000B</key>
		<dict>
			<key>fileRef</key>
			<string>000000000000000000000001</string>
			<key>isa</key>
			<string>PBXBuildFile</string>
		</dict>
		<key>00000000000000000000000C</key>
		<dict>
			<key>fileRef</key>
			<string>000000000000000000000003</string>
			<key>isa</key>
			<string>PBXBuildFile</string>
		</dict>
		<key>00000000000000000000000D</key>
		<dict>
			<key>buildActionMask</key>
			<integer>2147483647</integer>
			<key>files</key>
			<array>
				<string>00000000000000000000000B</string>
				<string>00000000000000000000000C</string>
				<string>000000000000000000000041</string>
			</array>
			<key>isa</key>
			<string>PBXSourcesBuildPhase</string>
			<key>runOnlyForDeploymentPostprocessing</key>
			<integer>0</integer>
		</dict>
		<key>00000000000000000000000E</key>
		<dict>
			<key>buildConfigurationList</key>
			<string>00000000000000000000000A</string>
			<key>buildPhases</key>
			<array>
				<string>00000000000000000000000D</string>
				<string>000000000000000000000049</string>
			</array>
			<key>buildRules</key>
			<array/>
			<key>dependencies</key>
			<array/>
			<key>isa</key>
			<string>PBXNativeTarget</string>
			<key>name</key>
			<string>CodexT3Widget</string>
			<key>productName</key>
			<string>CodexT3Widget</string>
			<key>productReference</key>
			<string>000000000000000000000005</string>
			<key>productType</key>
			<string>com.apple.product-type.app-extension</string>
		</dict>
		<key>00000000000000000000000F</key>
		<dict>
			<key>fileRef</key>
			<string>000000000000000000000005</string>
			<key>isa</key>
			<string>PBXBuildFile</string>
			<key>settings</key>
			<dict>
				<key>ATTRIBUTES</key>
				<array>
					<string>RemoveHeadersOnCopy</string>
				</array>
			</dict>
		</dict>
		<key>000000000000000000000010</key>
		<dict>
			<key>buildActionMask</key>
			<integer>2147483647</integer>
			<key>dstPath</key>
			<string></string>
			<key>dstSubfolderSpec</key>
			<integer>13</integer>
			<key>files</key>
			<array>
				<string>00000000000000000000000F</string>
			</array>
			<key>isa</key>
			<string>PBXCopyFilesBuildPhase</string>
			<key>name</key>
			<string>Embed App Extensions</string>
			<key>runOnlyForDeploymentPostprocessing</key>
			<integer>0</integer>
		</dict>
		<key>000000000000000000000011</key>
		<dict>
			<key>buildSettings</key>
			<dict>
				<key>ASSETCATALOG_COMPILER_APPICON_NAME</key>
				<string>AppIconT3</string>
				<key>CLANG_ENABLE_MODULES</key>
				<string>YES</string>
				<key>CODE_SIGN_IDENTITY</key>
				<string>-</string>
				<key>CODE_SIGN_STYLE</key>
				<string>Automatic</string>
				<key>CURRENT_PROJECT_VERSION</key>
				<string>52</string>
				<key>ENABLE_HARDENED_RUNTIME</key>
				<string>YES</string>
				<key>INFOPLIST_FILE</key>
				<string>Source/Host-Info.plist</string>
				<key>LD_RUNPATH_SEARCH_PATHS</key>
				<string>$(inherited) @executable_path/../Frameworks</string>
				<key>MACOSX_DEPLOYMENT_TARGET</key>
				<string>14.0</string>
				<key>MARKETING_VERSION</key>
				<string>1.1</string>
				<key>PRODUCT_BUNDLE_IDENTIFIER</key>
				<string>local.codext3.quota</string>
				<key>PRODUCT_NAME</key>
				<string>Codex T3</string>
				<key>SDKROOT</key>
				<string>macosx</string>
				<key>SWIFT_OBJC_BRIDGING_HEADER</key>
				<string>Source/Interop.h</string>
				<key>SWIFT_OPTIMIZATION_LEVEL</key>
				<string>-Onone</string>
				<key>SWIFT_VERSION</key>
				<string>5.0</string>
				<key>CODEX_T3_REPOSITORY_URL</key>
				<string>https://github.com/youcaihua007/codex-t3</string>
				<key>OTHER_LDFLAGS</key>
				<string>$(inherited) -lz -lbsm</string>
			</dict>
			<key>isa</key>
			<string>XCBuildConfiguration</string>
			<key>name</key>
			<string>Debug</string>
		</dict>
		<key>000000000000000000000012</key>
		<dict>
			<key>buildSettings</key>
			<dict>
				<key>ASSETCATALOG_COMPILER_APPICON_NAME</key>
				<string>AppIconT3</string>
				<key>CLANG_ENABLE_MODULES</key>
				<string>YES</string>
				<key>CODE_SIGN_IDENTITY</key>
				<string>-</string>
				<key>CODE_SIGN_STYLE</key>
				<string>Automatic</string>
				<key>CURRENT_PROJECT_VERSION</key>
				<string>52</string>
				<key>ENABLE_HARDENED_RUNTIME</key>
				<string>YES</string>
				<key>INFOPLIST_FILE</key>
				<string>Source/Host-Info.plist</string>
				<key>LD_RUNPATH_SEARCH_PATHS</key>
				<string>$(inherited) @executable_path/../Frameworks</string>
				<key>MACOSX_DEPLOYMENT_TARGET</key>
				<string>14.0</string>
				<key>MARKETING_VERSION</key>
				<string>1.1</string>
				<key>PRODUCT_BUNDLE_IDENTIFIER</key>
				<string>local.codext3.quota</string>
				<key>PRODUCT_NAME</key>
				<string>Codex T3</string>
				<key>SDKROOT</key>
				<string>macosx</string>
				<key>SWIFT_OBJC_BRIDGING_HEADER</key>
				<string>Source/Interop.h</string>
				<key>SWIFT_OPTIMIZATION_LEVEL</key>
				<string>-Osize</string>
				<key>SWIFT_VERSION</key>
				<string>5.0</string>
				<key>CODEX_T3_REPOSITORY_URL</key>
				<string>https://github.com/youcaihua007/codex-t3</string>
				<key>OTHER_LDFLAGS</key>
				<string>$(inherited) -lz -lbsm</string>
				<key>SWIFT_COMPILATION_MODE</key>
				<string>wholemodule</string>
				<key>DEAD_CODE_STRIPPING</key>
				<string>YES</string>
				<key>STRIP_INSTALLED_PRODUCT</key>
				<string>YES</string>
				<key>COPY_PHASE_STRIP</key>
				<string>YES</string>
				<key>STRIP_SWIFT_SYMBOLS</key>
				<string>YES</string>
				<key>CODE_SIGN_INJECT_BASE_ENTITLEMENTS</key>
				<string>NO</string>
			</dict>
			<key>isa</key>
			<string>XCBuildConfiguration</string>
			<key>name</key>
			<string>Release</string>
		</dict>
		<key>000000000000000000000013</key>
		<dict>
			<key>buildConfigurations</key>
			<array>
				<string>000000000000000000000011</string>
				<string>000000000000000000000012</string>
			</array>
			<key>defaultConfigurationIsVisible</key>
			<integer>0</integer>
			<key>defaultConfigurationName</key>
			<string>Debug</string>
			<key>isa</key>
			<string>XCConfigurationList</string>
		</dict>
		<key>000000000000000000000014</key>
		<dict>
			<key>fileRef</key>
			<string>000000000000000000000001</string>
			<key>isa</key>
			<string>PBXBuildFile</string>
		</dict>
		<key>000000000000000000000015</key>
		<dict>
			<key>fileRef</key>
			<string>000000000000000000000002</string>
			<key>isa</key>
			<string>PBXBuildFile</string>
		</dict>
		<key>000000000000000000000016</key>
		<dict>
			<key>buildActionMask</key>
			<integer>2147483647</integer>
			<key>files</key>
			<array>
				<string>000000000000000000000014</string>
				<string>000000000000000000000015</string>
				<string>000000000000000000000031</string>
				<string>000000000000000000000042</string>
				<string>000000000000000000000047</string>
				<string>00000000000000000000004D</string>
				<string>00000000000000000000004F</string>
				<string>000000000000000000000051</string>
			</array>
			<key>isa</key>
			<string>PBXSourcesBuildPhase</string>
			<key>runOnlyForDeploymentPostprocessing</key>
			<integer>0</integer>
		</dict>
		<key>000000000000000000000017</key>
		<dict>
			<key>isa</key>
			<string>PBXTargetDependency</string>
			<key>target</key>
			<string>00000000000000000000000E</string>
		</dict>
		<key>000000000000000000000018</key>
		<dict>
			<key>buildConfigurationList</key>
			<string>000000000000000000000013</string>
			<key>buildPhases</key>
			<array>
				<string>000000000000000000000016</string>
				<string>000000000000000000000034</string>
				<string>000000000000000000000010</string>
			</array>
			<key>buildRules</key>
			<array/>
			<key>dependencies</key>
			<array>
				<string>000000000000000000000017</string>
			</array>
			<key>isa</key>
			<string>PBXNativeTarget</string>
			<key>name</key>
			<string>Codex T3</string>
			<key>productName</key>
			<string>Codex T3</string>
			<key>productReference</key>
			<string>000000000000000000000004</string>
			<key>productType</key>
			<string>com.apple.product-type.application</string>
		</dict>
		<key>000000000000000000000019</key>
		<dict>
			<key>buildSettings</key>
			<dict>
				<key>CLANG_ENABLE_MODULES</key>
				<string>YES</string>
				<key>CODE_SIGN_IDENTITY</key>
				<string>-</string>
				<key>CODE_SIGN_STYLE</key>
				<string>Automatic</string>
				<key>CURRENT_PROJECT_VERSION</key>
				<string>52</string>
				<key>ENABLE_HARDENED_RUNTIME</key>
				<string>YES</string>
				<key>MACOSX_DEPLOYMENT_TARGET</key>
				<string>14.0</string>
				<key>MARKETING_VERSION</key>
				<string>1.1</string>
				<key>SDKROOT</key>
				<string>macosx</string>
				<key>SWIFT_OPTIMIZATION_LEVEL</key>
				<string>-Onone</string>
				<key>SWIFT_VERSION</key>
				<string>5.0</string>
				<key>CODEX_T3_REPOSITORY_URL</key>
				<string>https://github.com/youcaihua007/codex-t3</string>
				<key>OTHER_LDFLAGS</key>
				<string>$(inherited) -lz -lbsm</string>
			</dict>
			<key>isa</key>
			<string>XCBuildConfiguration</string>
			<key>name</key>
			<string>Debug</string>
		</dict>
		<key>00000000000000000000001A</key>
		<dict>
			<key>buildSettings</key>
			<dict>
				<key>CLANG_ENABLE_MODULES</key>
				<string>YES</string>
				<key>CODE_SIGN_IDENTITY</key>
				<string>-</string>
				<key>CODE_SIGN_STYLE</key>
				<string>Automatic</string>
				<key>CURRENT_PROJECT_VERSION</key>
				<string>52</string>
				<key>ENABLE_HARDENED_RUNTIME</key>
				<string>YES</string>
				<key>MACOSX_DEPLOYMENT_TARGET</key>
				<string>14.0</string>
				<key>MARKETING_VERSION</key>
				<string>1.1</string>
				<key>SDKROOT</key>
				<string>macosx</string>
				<key>SWIFT_OPTIMIZATION_LEVEL</key>
				<string>-Osize</string>
				<key>SWIFT_VERSION</key>
				<string>5.0</string>
				<key>CODEX_T3_REPOSITORY_URL</key>
				<string>https://github.com/youcaihua007/codex-t3</string>
				<key>OTHER_LDFLAGS</key>
				<string>$(inherited) -lz -lbsm</string>
				<key>SWIFT_COMPILATION_MODE</key>
				<string>wholemodule</string>
				<key>DEAD_CODE_STRIPPING</key>
				<string>YES</string>
				<key>STRIP_INSTALLED_PRODUCT</key>
				<string>YES</string>
				<key>COPY_PHASE_STRIP</key>
				<string>YES</string>
				<key>STRIP_SWIFT_SYMBOLS</key>
				<string>YES</string>
				<key>CODE_SIGN_INJECT_BASE_ENTITLEMENTS</key>
				<string>NO</string>
			</dict>
			<key>isa</key>
			<string>XCBuildConfiguration</string>
			<key>name</key>
			<string>Release</string>
		</dict>
		<key>00000000000000000000001B</key>
		<dict>
			<key>buildConfigurations</key>
			<array>
				<string>000000000000000000000019</string>
				<string>00000000000000000000001A</string>
			</array>
			<key>defaultConfigurationIsVisible</key>
			<integer>0</integer>
			<key>defaultConfigurationName</key>
			<string>Debug</string>
			<key>isa</key>
			<string>XCConfigurationList</string>
		</dict>
		<key>00000000000000000000001C</key>
		<dict>
			<key>attributes</key>
			<dict>
				<key>LastUpgradeCheck</key>
				<string>2700</string>
			</dict>
			<key>buildConfigurationList</key>
			<string>00000000000000000000001B</string>
			<key>compatibilityVersion</key>
			<string>Xcode 14.0</string>
			<key>developmentRegion</key>
			<string>en</string>
			<key>isa</key>
			<string>PBXProject</string>
			<key>knownRegions</key>
			<array>
				<string>en</string>
				<string>zh-Hans</string>
				<string>Base</string>
			</array>
			<key>mainGroup</key>
			<string>000000000000000000000007</string>
			<key>productRefGroup</key>
			<string>000000000000000000000006</string>
			<key>projectDirPath</key>
			<string></string>
			<key>projectRoot</key>
			<string></string>
			<key>targets</key>
			<array>
				<string>000000000000000000000018</string>
				<string>00000000000000000000000E</string>
			</array>
		</dict>
		<key>000000000000000000000030</key>
		<dict>
			<key>isa</key>
			<string>PBXFileReference</string>
			<key>lastKnownFileType</key>
			<string>sourcecode.swift</string>
			<key>path</key>
			<string>Source/Services.swift</string>
			<key>sourceTree</key>
			<string>&lt;group&gt;</string>
		</dict>
		<key>000000000000000000000031</key>
		<dict>
			<key>fileRef</key>
			<string>000000000000000000000030</string>
			<key>isa</key>
			<string>PBXBuildFile</string>
		</dict>
		<key>000000000000000000000032</key>
		<dict>
			<key>isa</key>
			<string>PBXFileReference</string>
			<key>lastKnownFileType</key>
			<string>folder.assetcatalog</string>
			<key>path</key>
			<string>Source/Assets.xcassets</string>
			<key>sourceTree</key>
			<string>&lt;group&gt;</string>
		</dict>
		<key>000000000000000000000033</key>
		<dict>
			<key>fileRef</key>
			<string>000000000000000000000032</string>
			<key>isa</key>
			<string>PBXBuildFile</string>
		</dict>
		<key>000000000000000000000034</key>
		<dict>
			<key>buildActionMask</key>
			<integer>2147483647</integer>
			<key>files</key>
			<array>
				<string>000000000000000000000033</string>
				<string>000000000000000000000055</string>
				<string>00000000000000000000005A</string>
				<string>00000000000000000000005D</string>
			</array>
			<key>isa</key>
			<string>PBXResourcesBuildPhase</string>
			<key>runOnlyForDeploymentPostprocessing</key>
			<integer>0</integer>
		</dict>
		<key>000000000000000000000040</key>
		<dict>
			<key>isa</key>
			<string>PBXFileReference</string>
			<key>lastKnownFileType</key>
			<string>sourcecode.swift</string>
			<key>path</key>
			<string>Source/Transport.swift</string>
			<key>sourceTree</key>
			<string>&lt;group&gt;</string>
		</dict>
		<key>000000000000000000000041</key>
		<dict>
			<key>fileRef</key>
			<string>000000000000000000000040</string>
			<key>isa</key>
			<string>PBXBuildFile</string>
		</dict>
		<key>000000000000000000000042</key>
		<dict>
			<key>fileRef</key>
			<string>000000000000000000000040</string>
			<key>isa</key>
			<string>PBXBuildFile</string>
		</dict>
		<key>000000000000000000000043</key>
		<dict>
			<key>isa</key>
			<string>PBXFileReference</string>
			<key>lastKnownFileType</key>
			<string>sourcecode.c.h</string>
			<key>path</key>
			<string>Source/Interop.h</string>
			<key>sourceTree</key>
			<string>&lt;group&gt;</string>
		</dict>
		<key>000000000000000000000046</key>
		<dict>
			<key>isa</key>
			<string>PBXFileReference</string>
			<key>lastKnownFileType</key>
			<string>sourcecode.swift</string>
			<key>path</key>
			<string>Source/Updates.swift</string>
			<key>sourceTree</key>
			<string>&lt;group&gt;</string>
		</dict>
		<key>000000000000000000000047</key>
		<dict>
			<key>isa</key>
			<string>PBXBuildFile</string>
			<key>fileRef</key>
			<string>000000000000000000000046</string>
		</dict>
		<key>000000000000000000000048</key>
		<dict>
			<key>isa</key>
			<string>PBXBuildFile</string>
			<key>fileRef</key>
			<string>000000000000000000000032</string>
		</dict>
		<key>000000000000000000000049</key>
		<dict>
			<key>isa</key>
			<string>PBXResourcesBuildPhase</string>
			<key>buildActionMask</key>
			<integer>2147483647</integer>
			<key>files</key>
			<array>
				<string>000000000000000000000048</string>
				<string>000000000000000000000056</string>
				<string>00000000000000000000005B</string>
			</array>
			<key>runOnlyForDeploymentPostprocessing</key>
			<integer>0</integer>
		</dict>
		<key>00000000000000000000004C</key>
		<dict>
			<key>isa</key>
			<string>PBXFileReference</string>
			<key>lastKnownFileType</key>
			<string>sourcecode.swift</string>
			<key>path</key>
			<string>Source/WeeklySurplus.swift</string>
			<key>sourceTree</key>
			<string>&lt;group&gt;</string>
		</dict>
		<key>00000000000000000000004D</key>
		<dict>
			<key>isa</key>
			<string>PBXBuildFile</string>
			<key>fileRef</key>
			<string>00000000000000000000004C</string>
		</dict>
		<key>00000000000000000000004E</key>
		<dict>
			<key>isa</key>
			<string>PBXFileReference</string>
			<key>lastKnownFileType</key>
			<string>sourcecode.swift</string>
			<key>path</key>
			<string>Source/QuotaReminders.swift</string>
			<key>sourceTree</key>
			<string>&lt;group&gt;</string>
		</dict>
		<key>00000000000000000000004F</key>
		<dict>
			<key>isa</key>
			<string>PBXBuildFile</string>
			<key>fileRef</key>
			<string>00000000000000000000004E</string>
		</dict>
		<key>000000000000000000000050</key>
		<dict>
			<key>isa</key>
			<string>PBXFileReference</string>
			<key>lastKnownFileType</key>
			<string>sourcecode.swift</string>
			<key>path</key>
			<string>Source/SettingsExamples.swift</string>
			<key>sourceTree</key>
			<string>&lt;group&gt;</string>
		</dict>
		<key>000000000000000000000051</key>
		<dict>
			<key>isa</key>
			<string>PBXBuildFile</string>
			<key>fileRef</key>
			<string>000000000000000000000050</string>
		</dict>
		<key>000000000000000000000052</key>
		<dict>
			<key>isa</key>
			<string>PBXFileReference</string>
			<key>lastKnownFileType</key>
			<string>text.plist.strings</string>
			<key>name</key>
			<string>en</string>
			<key>path</key>
			<string>Source/en.lproj/Localizable.strings</string>
			<key>sourceTree</key>
			<string>&lt;group&gt;</string>
		</dict>
		<key>000000000000000000000053</key>
		<dict>
			<key>isa</key>
			<string>PBXFileReference</string>
			<key>lastKnownFileType</key>
			<string>text.plist.strings</string>
			<key>name</key>
			<string>zh-Hans</string>
			<key>path</key>
			<string>Source/zh-Hans.lproj/Localizable.strings</string>
			<key>sourceTree</key>
			<string>&lt;group&gt;</string>
		</dict>
		<key>000000000000000000000054</key>
		<dict>
			<key>isa</key>
			<string>PBXVariantGroup</string>
			<key>children</key>
			<array>
				<string>000000000000000000000052</string>
				<string>000000000000000000000053</string>
			</array>
			<key>name</key>
			<string>Localizable.strings</string>
			<key>sourceTree</key>
			<string>&lt;group&gt;</string>
		</dict>
		<key>000000000000000000000055</key>
		<dict>
			<key>isa</key>
			<string>PBXBuildFile</string>
			<key>fileRef</key>
			<string>000000000000000000000054</string>
		</dict>
		<key>000000000000000000000056</key>
		<dict>
			<key>isa</key>
			<string>PBXBuildFile</string>
			<key>fileRef</key>
			<string>000000000000000000000054</string>
		</dict>
		<key>000000000000000000000057</key>
		<dict>
			<key>isa</key>
			<string>PBXFileReference</string>
			<key>lastKnownFileType</key>
			<string>text.plist.strings</string>
			<key>name</key>
			<string>en</string>
			<key>path</key>
			<string>Source/en.lproj/InfoPlist.strings</string>
			<key>sourceTree</key>
			<string>&lt;group&gt;</string>
		</dict>
		<key>000000000000000000000058</key>
		<dict>
			<key>isa</key>
			<string>PBXFileReference</string>
			<key>lastKnownFileType</key>
			<string>text.plist.strings</string>
			<key>name</key>
			<string>zh-Hans</string>
			<key>path</key>
			<string>Source/zh-Hans.lproj/InfoPlist.strings</string>
			<key>sourceTree</key>
			<string>&lt;group&gt;</string>
		</dict>
		<key>000000000000000000000059</key>
		<dict>
			<key>isa</key>
			<string>PBXVariantGroup</string>
			<key>children</key>
			<array>
				<string>000000000000000000000057</string>
				<string>000000000000000000000058</string>
			</array>
			<key>name</key>
			<string>InfoPlist.strings</string>
			<key>sourceTree</key>
			<string>&lt;group&gt;</string>
		</dict>
		<key>00000000000000000000005A</key>
		<dict>
			<key>isa</key>
			<string>PBXBuildFile</string>
			<key>fileRef</key>
			<string>000000000000000000000059</string>
		</dict>
		<key>00000000000000000000005B</key>
		<dict>
			<key>isa</key>
			<string>PBXBuildFile</string>
			<key>fileRef</key>
			<string>000000000000000000000059</string>
		</dict>
		<key>00000000000000000000005C</key>
		<dict>
			<key>isa</key>
			<string>PBXFileReference</string>
			<key>lastKnownFileType</key>
			<string>text</string>
			<key>path</key>
			<string>LICENSE</string>
			<key>sourceTree</key>
			<string>&lt;group&gt;</string>
		</dict>
		<key>00000000000000000000005D</key>
		<dict>
			<key>fileRef</key>
			<string>00000000000000000000005C</string>
			<key>isa</key>
			<string>PBXBuildFile</string>
		</dict>
	</dict>
	<key>rootObject</key>
	<string>00000000000000000000001C</string>
</dict>
</plist>
